lockfileVersion: '9.0'

settings:
  autoInstallPeers: true
  excludeLinksFromLockfile: false

importers:

  .:
    dependencies:
      rcon:
        specifier: ^1.1.0
        version: 1.1.0

packages:

  rcon@1.1.0:
    resolution: {integrity: sha512-eotwcApOBjfadTjqQlrZVR4jzlwGCMNxmHhnFZx+g4kouwwRstRHkk1ON7DzkqrHNIjADSh0cU3gThSsDolUpg==}

snapshots:

  rcon@1.1.0: {}
